
Microsoft Visual Studio Solution File, Format Version 12.00
# Visual Studio Version 17
VisualStudioVersion = 17.0.31815.197
MinimumVisualStudioVersion = 10.0.40219.1
Project("{FAE04EC0-301F-11D3-BF4B-00C04F79EFBC}") = "MvcMovie", "MvcMovie\MvcMovie.csproj", "{2BCCA401-3074-482B-A9E5-A14E67A0089A}"
EndProject
Global
	GlobalSection(SolutionConfigurationPlatforms) = preSolution
		Debug|Any CPU = Debug|Any CPU
		Release|Any CPU = Release|Any CPU
	EndGlobalSection
	GlobalSection(ProjectConfigurationPlatforms) = postSolution
		{2BCCA401-3074-482B-A9E5-A14E67A0089A}.Debug|Any CPU.ActiveCfg = Debug|Any CPU
		{2BCCA401-3074-482B-A9E5-A14E67A0089A}.Debug|Any CPU.Build.0 = Debug|Any CPU
		{2BCCA401-3074-482B-A9E5-A14E67A0089A}.Release|Any CPU.ActiveCfg = Release|Any CPU
		{2BCCA401-3074-482B-A9E5-A14E67A0089A}.Release|Any CPU.Build.0 = Release|Any CPU
	EndGlobalSection
	GlobalSection(SolutionProperties) = preSolution
		HideSolutionNode = FALSE
	EndGlobalSection
	GlobalSection(ExtensibilityGlobals) = postSolution
		SolutionGuid = {57AF4D5C-1E5C-415C-AFB9-6F7864F4E96E}
	EndGlobalSection
EndGlobal
